
Microsoft Visual Studio Solution File, Format Version 12.00
# Visual Studio 14
VisualStudioVersion = 14.0.25420.1
MinimumVisualStudioVersion = 10.0.40219.1
Project("{FAE04EC0-301F-11D3-BF4B-00C04F79EFBC}") = "PS1", "PS1\PS1.csproj", "{4572441F-6441-4871-891B-9C26168A5073}"
EndProject
Project("{FAE04EC0-301F-11D3-BF4B-00C04F79EFBC}") = "PS2", "PS2\PS2.csproj", "{33E432F0-8FA0-427E-9B5D-D8BCFF4C89D1}"
EndProject
Project("{FAE04EC0-301F-11D3-BF4B-00C04F79EFBC}") = "PS3", "PS3\PS3.csproj", "{EDA8D1CD-D379-42EE-AA53-817B316CAA2D}"
EndProject
Project("{FAE04EC0-301F-11D3-BF4B-00C04F79EFBC}") = "tester", "tester\tester.csproj", "{6EA18847-03F1-472D-B65B-88D8BF83F2F0}"
EndProject
Project("{FAE04EC0-301F-11D3-BF4B-00C04F79EFBC}") = "PS4", "PS4\PS4.csproj", "{A8899BF3-7BE2-4E56-A495-EA900052CDAC}"
EndProject
Project("{FAE04EC0-301F-11D3-BF4B-00C04F79EFBC}") = "PS5", "PS5\PS5.csproj", "{B29F873A-4434-452E-BE15-7C55363B0953}"
EndProject
Project("{FAE04EC0-301F-11D3-BF4B-00C04F79EFBC}") = "PS6", "PS6\PS6.csproj", "{63B5BAE7-4F7B-41DB-8EAE-C00C803F3A12}"
EndProject
Project("{FAE04EC0-301F-11D3-BF4B-00C04F79EFBC}") = "PS7", "PS7\PS7.csproj", "{7D5C30BC-3E73-427E-8691-15CAD019BBA4}"
EndProject
Project("{FAE04EC0-301F-11D3-BF4B-00C04F79EFBC}") = "PS8", "PS8\PS8.csproj", "{30156916-59DA-4886-9FF3-60BC7582A86C}"
EndProject
Project("{FAE04EC0-301F-11D3-BF4B-00C04F79EFBC}") = "PS9", "PS9\PS9.csproj", "{9E9A0984-4B75-472A-99C6-84712A10551C}"
EndProject
Project("{FAE04EC0-301F-11D3-BF4B-00C04F79EFBC}") = "PS10", "PS10\PS10.csproj", "{48E47E3C-0F8A-42FF-A02F-D467BB0CDF8D}"
EndProject
Project("{FAE04EC0-301F-11D3-BF4B-00C04F79EFBC}") = "PS11", "PS11\PS11.csproj", "{31692780-1D84-4B2B-B8CC-36D5FFB08EB9}"
EndProject
Project("{FAE04EC0-301F-11D3-BF4B-00C04F79EFBC}") = "PS12", "PS12\PS12.csproj", "{D51E9122-3601-48D2-B924-D6897F07D383}"
EndProject
Global
	GlobalSection(SolutionConfigurationPlatforms) = preSolution
		Debug|Any CPU = Debug|Any CPU
		Release|Any CPU = Release|Any CPU
	EndGlobalSection
	GlobalSection(ProjectConfigurationPlatforms) = postSolution
		{4572441F-6441-4871-891B-9C26168A5073}.Debug|Any CPU.ActiveCfg = Debug|Any CPU
		{4572441F-6441-4871-891B-9C26168A5073}.Debug|Any CPU.Build.0 = Debug|Any CPU
		{4572441F-6441-4871-891B-9C26168A5073}.Release|Any CPU.ActiveCfg = Release|Any CPU
		{4572441F-6441-4871-891B-9C26168A5073}.Release|Any CPU.Build.0 = Release|Any CPU
		{33E432F0-8FA0-427E-9B5D-D8BCFF4C89D1}.Debug|Any CPU.ActiveCfg = Debug|Any CPU
		{33E432F0-8FA0-427E-9B5D-D8BCFF4C89D1}.Debug|Any CPU.Build.0 = Debug|Any CPU
		{33E432F0-8FA0-427E-9B5D-D8BCFF4C89D1}.Release|Any CPU.ActiveCfg = Release|Any CPU
		{33E432F0-8FA0-427E-9B5D-D8BCFF4C89D1}.Release|Any CPU.Build.0 = Release|Any CPU
		{EDA8D1CD-D379-42EE-AA53-817B316CAA2D}.Debug|Any CPU.ActiveCfg = Debug|Any CPU
		{EDA8D1CD-D379-42EE-AA53-817B316CAA2D}.Debug|Any CPU.Build.0 = Debug|Any CPU
		{EDA8D1CD-D379-42EE-AA53-817B316CAA2D}.Release|Any CPU.ActiveCfg = Release|Any CPU
		{EDA8D1CD-D379-42EE-AA53-817B316CAA2D}.Release|Any CPU.Build.0 = Release|Any CPU
		{6EA18847-03F1-472D-B65B-88D8BF83F2F0}.Debug|Any CPU.ActiveCfg = Debug|Any CPU
		{6EA18847-03F1-472D-B65B-88D8BF83F2F0}.Debug|Any CPU.Build.0 = Debug|Any CPU
		{6EA18847-03F1-472D-B65B-88D8BF83F2F0}.Release|Any CPU.ActiveCfg = Release|Any CPU
		{6EA18847-03F1-472D-B65B-88D8BF83F2F0}.Release|Any CPU.Build.0 = Release|Any CPU
		{A8899BF3-7BE2-4E56-A495-EA900052CDAC}.Debug|Any CPU.ActiveCfg = Debug|Any CPU
		{A8899BF3-7BE2-4E56-A495-EA900052CDAC}.Debug|Any CPU.Build.0 = Debug|Any CPU
		{A8899BF3-7BE2-4E56-A495-EA900052CDAC}.Release|Any CPU.ActiveCfg = Release|Any CPU
		{A8899BF3-7BE2-4E56-A495-EA900052CDAC}.Release|Any CPU.Build.0 = Release|Any CPU
		{B29F873A-4434-452E-BE15-7C55363B0953}.Debug|Any CPU.ActiveCfg = Debug|Any CPU
		{B29F873A-4434-452E-BE15-7C55363B0953}.Debug|Any CPU.Build.0 = Debug|Any CPU
		{B29F873A-4434-452E-BE15-7C55363B0953}.Release|Any CPU.ActiveCfg = Release|Any CPU
		{B29F873A-4434-452E-BE15-7C55363B0953}.Release|Any CPU.Build.0 = Release|Any CPU
		{63B5BAE7-4F7B-41DB-8EAE-C00C803F3A12}.Debug|Any CPU.ActiveCfg = Debug|Any CPU
		{63B5BAE7-4F7B-41DB-8EAE-C00C803F3A12}.Debug|Any CPU.Build.0 = Debug|Any CPU
		{63B5BAE7-4F7B-41DB-8EAE-C00C803F3A12}.Release|Any CPU.ActiveCfg = Release|Any CPU
		{63B5BAE7-4F7B-41DB-8EAE-C00C803F3A12}.Release|Any CPU.Build.0 = Release|Any CPU
		{7D5C30BC-3E73-427E-8691-15CAD019BBA4}.Debug|Any CPU.ActiveCfg = Debug|Any CPU
		{7D5C30BC-3E73-427E-8691-15CAD019BBA4}.Debug|Any CPU.Build.0 = Debug|Any CPU
		{7D5C30BC-3E73-427E-8691-15CAD019BBA4}.Release|Any CPU.ActiveCfg = Release|Any CPU
		{7D5C30BC-3E73-427E-8691-15CAD019BBA4}.Release|Any CPU.Build.0 = Release|Any CPU
		{30156916-59DA-4886-9FF3-60BC7582A86C}.Debug|Any CPU.ActiveCfg = Debug|Any CPU
		{30156916-59DA-4886-9FF3-60BC7582A86C}.Debug|Any CPU.Build.0 = Debug|Any CPU
		{30156916-59DA-4886-9FF3-60BC7582A86C}.Release|Any CPU.ActiveCfg = Release|Any CPU
		{30156916-59DA-4886-9FF3-60BC7582A86C}.Release|Any CPU.Build.0 = Release|Any CPU
		{9E9A0984-4B75-472A-99C6-84712A10551C}.Debug|Any CPU.ActiveCfg = Debug|Any CPU
		{9E9A0984-4B75-472A-99C6-84712A10551C}.Debug|Any CPU.Build.0 = Debug|Any CPU
		{9E9A0984-4B75-472A-99C6-84712A10551C}.Release|Any CPU.ActiveCfg = Release|Any CPU
		{9E9A0984-4B75-472A-99C6-84712A10551C}.Release|Any CPU.Build.0 = Release|Any CPU
		{48E47E3C-0F8A-42FF-A02F-D467BB0CDF8D}.Debug|Any CPU.ActiveCfg = Debug|Any CPU
		{48E47E3C-0F8A-42FF-A02F-D467BB0CDF8D}.Debug|Any CPU.Build.0 = Debug|Any CPU
		{48E47E3C-0F8A-42FF-A02F-D467BB0CDF8D}.Release|Any CPU.ActiveCfg = Release|Any CPU
		{48E47E3C-0F8A-42FF-A02F-D467BB0CDF8D}.Release|Any CPU.Build.0 = Release|Any CPU
		{31692780-1D84-4B2B-B8CC-36D5FFB08EB9}.Debug|Any CPU.ActiveCfg = Debug|Any CPU
		{31692780-1D84-4B2B-B8CC-36D5FFB08EB9}.Debug|Any CPU.Build.0 = Debug|Any CPU
		{31692780-1D84-4B2B-B8CC-36D5FFB08EB9}.Release|Any CPU.ActiveCfg = Release|Any CPU
		{31692780-1D84-4B2B-B8CC-36D5FFB08EB9}.Release|Any CPU.Build.0 = Release|Any CPU
		{D51E9122-3601-48D2-B924-D6897F07D383}.Debug|Any CPU.ActiveCfg = Debug|Any CPU
		{D51E9122-3601-48D2-B924-D6897F07D383}.Debug|Any CPU.Build.0 = Debug|Any CPU
		{D51E9122-3601-48D2-B924-D6897F07D383}.Release|Any CPU.ActiveCfg = Release|Any CPU
		{D51E9122-3601-48D2-B924-D6897F07D383}.Release|Any CPU.Build.0 = Release|Any CPU
	EndGlobalSection
	GlobalSection(SolutionProperties) = preSolution
		HideSolutionNode = FALSE
	EndGlobalSection
EndGlobal
